
Microsoft Visual Studio Solution File, Format Version 12.00
# Visual Studio Version 17
VisualStudioVersion = 17.4.32804.182
MinimumVisualStudioVersion = 10.0.40219.1
Project("{2150E333-8FDC-42A3-9474-1A3956D46DE8}") = "01_Uvod", "01_Uvod", "{EEF3B999-A7C6-4DCD-8907-48E5E8A559FF}"
EndProject
Project("{9A19103F-16F7-4668-BE54-9A1E7A4F7556}") = "01_Uvod_04_promenne", "01_Uvod_04_promenne\01_Uvod_04_promenne.csproj", "{7408738E-49ED-4D34-8835-A164788A596F}"
EndProject
Project("{9A19103F-16F7-4668-BE54-9A1E7A4F7556}") = "01_Uvod_05_Cisla", "01_Uvod_05_Cisla\01_Uvod_05_Cisla.csproj", "{846C315A-7A56-4C06-9BC9-7A0AE4F16B0C}"
EndProject
Project("{9A19103F-16F7-4668-BE54-9A1E7A4F7556}") = "01_Uvod_06_Nacteni_cisla", "01_Uvod_06_Nacteni_cisla\01_Uvod_06_Nacteni_cisla.csproj", "{22437AC2-0367-42DF-90CA-0A1DBFE60EED}"
EndProject
Project("{9A19103F-16F7-4668-BE54-9A1E7A4F7556}") = "01_Uvod_07_Chary", "01_Uvod_07_Chary\01_Uvod_07_Chary.csproj", "{E09E3089-2C4E-4948-ABD7-C59B008F9623}"
EndProject
Project("{9A19103F-16F7-4668-BE54-9A1E7A4F7556}") = "01_Uvod__Prvni_program", "01_Uvod__Prvni_program\01_Uvod__Prvni_program.csproj", "{4707D806-5E37-4CC9-97C5-A1E3178FD0B0}"
EndProject
Project("{9A19103F-16F7-4668-BE54-9A1E7A4F7556}") = "01_Uvod_02_Dalsi_writeline", "01_Uvod_02_Dalsi_writeline\01_Uvod_02_Dalsi_writeline.csproj", "{8957E98F-8563-4F85-B72A-C98D23D17731}"
EndProject
Project("{9A19103F-16F7-4668-BE54-9A1E7A4F7556}") = "01_Uvod_03_Uzivatelsky_vstup", "01_Uvod_03_Uzivatelsky_vstup\01_Uvod_03_Uzivatelsky_vstup.csproj", "{14B19B7A-5616-4610-A89A-FB8832807D08}"
EndProject
Project("{2150E333-8FDC-42A3-9474-1A3956D46DE8}") = "02_Podminky", "02_Podminky", "{C92598D1-C5AB-4E5C-AC04-6E3C039D7935}"
EndProject
Project("{9A19103F-16F7-4668-BE54-9A1E7A4F7556}") = "02_Podm_01_Vyber_auta", "02_Podm_01_Vyber_auta\02_Podm_01_Vyber_auta.csproj", "{2536DDF2-BC9A-4974-AF67-3B47708E0672}"
EndProject
Project("{9A19103F-16F7-4668-BE54-9A1E7A4F7556}") = "02_Podm_02_Vice_vetvi", "02_Podm_02_Vice_vetvi\02_Podm_02_Vice_vetvi.csproj", "{9821F40D-6EE1-44E6-AA40-0D7A2ADC6564}"
EndProject
Project("{9A19103F-16F7-4668-BE54-9A1E7A4F7556}") = "02_Podm_04_Bool", "02_Podm_04_Bool\02_Podm_04_Bool.csproj", "{27B5572C-AE25-4CC7-83A6-C7AD49810B1B}"
EndProject
Project("{9A19103F-16F7-4668-BE54-9A1E7A4F7556}") = "02_Podm_03_Delidlo", "02_Podm_03_Delidlo\02_Podm_03_Delidlo.csproj", "{6A3A5956-2EB0-4FCC-9BB3-C8B3E8169183}"
EndProject
Project("{9A19103F-16F7-4668-BE54-9A1E7A4F7556}") = "02_Podm_06_Prehled", "02_Podm_06_Prehled\02_Podm_06_Prehled.csproj", "{37222DE2-60BB-42D2-BCFA-B83F8B284794}"
EndProject
Project("{9A19103F-16F7-4668-BE54-9A1E7A4F7556}") = "02_Podm_07_Nacteni_klavesy", "02_Podm_07_Nacteni_klavesy\02_Podm_07_Nacteni_klavesy.csproj", "{E0826603-431D-4FBF-8660-4109749F8C28}"
EndProject
Project("{2150E333-8FDC-42A3-9474-1A3956D46DE8}") = "02a_Random", "02a_Random", "{2B62ACED-910E-4FAA-94FB-AF77A1CD510C}"
EndProject
Project("{9A19103F-16F7-4668-BE54-9A1E7A4F7556}") = "02a_Random_01_Demo", "02a_Random_01_Demo\02a_Random_01_Demo.csproj", "{E2C46E33-7D13-405D-AD27-A879853F917D}"
EndProject
Project("{FAE04EC0-301F-11D3-BF4B-00C04F79EFBC}") = "03_While", "03_While\03_While.csproj", "{5B83D1B8-489A-43D7-B6F1-8CE3330CFB1C}"
EndProject
Project("{2150E333-8FDC-42A3-9474-1A3956D46DE8}") = "03_While_", "03_While_", "{F02C70A3-230E-4036-93A7-E9E9F5ACF95D}"
EndProject
Project("{FAE04EC0-301F-11D3-BF4B-00C04F79EFBC}") = "03_While_02_den_v_tydnu_bezpečně", "03_While_02_den_v_tydnu_bezpečně\03_While_02_den_v_tydnu_bezpečně.csproj", "{B1E05EDF-DFAB-4762-BE67-3028B868DF4B}"
EndProject
Project("{FAE04EC0-301F-11D3-BF4B-00C04F79EFBC}") = "03_While_03_Pocitani", "03_While_03_Pocitani\03_While_03_Pocitani.csproj", "{58B0738D-661B-4176-B90C-F4F73820F1DE}"
EndProject
Global
	GlobalSection(SolutionConfigurationPlatforms) = preSolution
		Debug|Any CPU = Debug|Any CPU
		Release|Any CPU = Release|Any CPU
	EndGlobalSection
	GlobalSection(ProjectConfigurationPlatforms) = postSolution
		{7408738E-49ED-4D34-8835-A164788A596F}.Debug|Any CPU.ActiveCfg = Debug|Any CPU
		{7408738E-49ED-4D34-8835-A164788A596F}.Debug|Any CPU.Build.0 = Debug|Any CPU
		{7408738E-49ED-4D34-8835-A164788A596F}.Release|Any CPU.ActiveCfg = Release|Any CPU
		{7408738E-49ED-4D34-8835-A164788A596F}.Release|Any CPU.Build.0 = Release|Any CPU
		{846C315A-7A56-4C06-9BC9-7A0AE4F16B0C}.Debug|Any CPU.ActiveCfg = Debug|Any CPU
		{846C315A-7A56-4C06-9BC9-7A0AE4F16B0C}.Debug|Any CPU.Build.0 = Debug|Any CPU
		{846C315A-7A56-4C06-9BC9-7A0AE4F16B0C}.Release|Any CPU.ActiveCfg = Release|Any CPU
		{846C315A-7A56-4C06-9BC9-7A0AE4F16B0C}.Release|Any CPU.Build.0 = Release|Any CPU
		{22437AC2-0367-42DF-90CA-0A1DBFE60EED}.Debug|Any CPU.ActiveCfg = Debug|Any CPU
		{22437AC2-0367-42DF-90CA-0A1DBFE60EED}.Debug|Any CPU.Build.0 = Debug|Any CPU
		{22437AC2-0367-42DF-90CA-0A1DBFE60EED}.Release|Any CPU.ActiveCfg = Release|Any CPU
		{22437AC2-0367-42DF-90CA-0A1DBFE60EED}.Release|Any CPU.Build.0 = Release|Any CPU
		{E09E3089-2C4E-4948-ABD7-C59B008F9623}.Debug|Any CPU.ActiveCfg = Debug|Any CPU
		{E09E3089-2C4E-4948-ABD7-C59B008F9623}.Debug|Any CPU.Build.0 = Debug|Any CPU
		{E09E3089-2C4E-4948-ABD7-C59B008F9623}.Release|Any CPU.ActiveCfg = Release|Any CPU
		{E09E3089-2C4E-4948-ABD7-C59B008F9623}.Release|Any CPU.Build.0 = Release|Any CPU
		{4707D806-5E37-4CC9-97C5-A1E3178FD0B0}.Debug|Any CPU.ActiveCfg = Debug|Any CPU
		{4707D806-5E37-4CC9-97C5-A1E3178FD0B0}.Debug|Any CPU.Build.0 = Debug|Any CPU
		{4707D806-5E37-4CC9-97C5-A1E3178FD0B0}.Release|Any CPU.ActiveCfg = Release|Any CPU
		{4707D806-5E37-4CC9-97C5-A1E3178FD0B0}.Release|Any CPU.Build.0 = Release|Any CPU
		{8957E98F-8563-4F85-B72A-C98D23D17731}.Debug|Any CPU.ActiveCfg = Debug|Any CPU
		{8957E98F-8563-4F85-B72A-C98D23D17731}.Debug|Any CPU.Build.0 = Debug|Any CPU
		{8957E98F-8563-4F85-B72A-C98D23D17731}.Release|Any CPU.ActiveCfg = Release|Any CPU
		{8957E98F-8563-4F85-B72A-C98D23D17731}.Release|Any CPU.Build.0 = Release|Any CPU
		{14B19B7A-5616-4610-A89A-FB8832807D08}.Debug|Any CPU.ActiveCfg = Debug|Any CPU
		{14B19B7A-5616-4610-A89A-FB8832807D08}.Debug|Any CPU.Build.0 = Debug|Any CPU
		{14B19B7A-5616-4610-A89A-FB8832807D08}.Release|Any CPU.ActiveCfg = Release|Any CPU
		{14B19B7A-5616-4610-A89A-FB8832807D08}.Release|Any CPU.Build.0 = Release|Any CPU
		{2536DDF2-BC9A-4974-AF67-3B47708E0672}.Debug|Any CPU.ActiveCfg = Debug|Any CPU
		{2536DDF2-BC9A-4974-AF67-3B47708E0672}.Debug|Any CPU.Build.0 = Debug|Any CPU
		{2536DDF2-BC9A-4974-AF67-3B47708E0672}.Release|Any CPU.ActiveCfg = Release|Any CPU
		{2536DDF2-BC9A-4974-AF67-3B47708E0672}.Release|Any CPU.Build.0 = Release|Any CPU
		{9821F40D-6EE1-44E6-AA40-0D7A2ADC6564}.Debug|Any CPU.ActiveCfg = Debug|Any CPU
		{9821F40D-6EE1-44E6-AA40-0D7A2ADC6564}.Debug|Any CPU.Build.0 = Debug|Any CPU
		{9821F40D-6EE1-44E6-AA40-0D7A2ADC6564}.Release|Any CPU.ActiveCfg = Release|Any CPU
		{9821F40D-6EE1-44E6-AA40-0D7A2ADC6564}.Release|Any CPU.Build.0 = Release|Any CPU
		{27B5572C-AE25-4CC7-83A6-C7AD49810B1B}.Debug|Any CPU.ActiveCfg = Debug|Any CPU
		{27B5572C-AE25-4CC7-83A6-C7AD49810B1B}.Debug|Any CPU.Build.0 = Debug|Any CPU
		{27B5572C-AE25-4CC7-83A6-C7AD49810B1B}.Release|Any CPU.ActiveCfg = Release|Any CPU
		{27B5572C-AE25-4CC7-83A6-C7AD49810B1B}.Release|Any CPU.Build.0 = Release|Any CPU
		{6A3A5956-2EB0-4FCC-9BB3-C8B3E8169183}.Debug|Any CPU.ActiveCfg = Debug|Any CPU
		{6A3A5956-2EB0-4FCC-9BB3-C8B3E8169183}.Debug|Any CPU.Build.0 = Debug|Any CPU
		{6A3A5956-2EB0-4FCC-9BB3-C8B3E8169183}.Release|Any CPU.ActiveCfg = Release|Any CPU
		{6A3A5956-2EB0-4FCC-9BB3-C8B3E8169183}.Release|Any CPU.Build.0 = Release|Any CPU
		{37222DE2-60BB-42D2-BCFA-B83F8B284794}.Debug|Any CPU.ActiveCfg = Debug|Any CPU
		{37222DE2-60BB-42D2-BCFA-B83F8B284794}.Debug|Any CPU.Build.0 = Debug|Any CPU
		{37222DE2-60BB-42D2-BCFA-B83F8B284794}.Release|Any CPU.ActiveCfg = Release|Any CPU
		{37222DE2-60BB-42D2-BCFA-B83F8B284794}.Release|Any CPU.Build.0 = Release|Any CPU
		{E0826603-431D-4FBF-8660-4109749F8C28}.Debug|Any CPU.ActiveCfg = Debug|Any CPU
		{E0826603-431D-4FBF-8660-4109749F8C28}.Debug|Any CPU.Build.0 = Debug|Any CPU
		{E0826603-431D-4FBF-8660-4109749F8C28}.Release|Any CPU.ActiveCfg = Release|Any CPU
		{E0826603-431D-4FBF-8660-4109749F8C28}.Release|Any CPU.Build.0 = Release|Any CPU
		{E2C46E33-7D13-405D-AD27-A879853F917D}.Debug|Any CPU.ActiveCfg = Debug|Any CPU
		{E2C46E33-7D13-405D-AD27-A879853F917D}.Debug|Any CPU.Build.0 = Debug|Any CPU
		{E2C46E33-7D13-405D-AD27-A879853F917D}.Release|Any CPU.ActiveCfg = Release|Any CPU
		{E2C46E33-7D13-405D-AD27-A879853F917D}.Release|Any CPU.Build.0 = Release|Any CPU
		{5B83D1B8-489A-43D7-B6F1-8CE3330CFB1C}.Debug|Any CPU.ActiveCfg = Debug|Any CPU
		{5B83D1B8-489A-43D7-B6F1-8CE3330CFB1C}.Debug|Any CPU.Build.0 = Debug|Any CPU
		{5B83D1B8-489A-43D7-B6F1-8CE3330CFB1C}.Release|Any CPU.ActiveCfg = Release|Any CPU
		{5B83D1B8-489A-43D7-B6F1-8CE3330CFB1C}.Release|Any CPU.Build.0 = Release|Any CPU
		{B1E05EDF-DFAB-4762-BE67-3028B868DF4B}.Debug|Any CPU.ActiveCfg = Debug|Any CPU
		{B1E05EDF-DFAB-4762-BE67-3028B868DF4B}.Debug|Any CPU.Build.0 = Debug|Any CPU
		{B1E05EDF-DFAB-4762-BE67-3028B868DF4B}.Release|Any CPU.ActiveCfg = Release|Any CPU
		{B1E05EDF-DFAB-4762-BE67-3028B868DF4B}.Release|Any CPU.Build.0 = Release|Any CPU
		{58B0738D-661B-4176-B90C-F4F73820F1DE}.Debug|Any CPU.ActiveCfg = Debug|Any CPU
		{58B0738D-661B-4176-B90C-F4F73820F1DE}.Debug|Any CPU.Build.0 = Debug|Any CPU
		{58B0738D-661B-4176-B90C-F4F73820F1DE}.Release|Any CPU.ActiveCfg = Release|Any CPU
		{58B0738D-661B-4176-B90C-F4F73820F1DE}.Release|Any CPU.Build.0 = Release|Any CPU
	EndGlobalSection
	GlobalSection(SolutionProperties) = preSolution
		HideSolutionNode = FALSE
	EndGlobalSection
	GlobalSection(NestedProjects) = preSolution
		{7408738E-49ED-4D34-8835-A164788A596F} = {EEF3B999-A7C6-4DCD-8907-48E5E8A559FF}
		{846C315A-7A56-4C06-9BC9-7A0AE4F16B0C} = {EEF3B999-A7C6-4DCD-8907-48E5E8A559FF}
		{22437AC2-0367-42DF-90CA-0A1DBFE60EED} = {EEF3B999-A7C6-4DCD-8907-48E5E8A559FF}
		{E09E3089-2C4E-4948-ABD7-C59B008F9623} = {EEF3B999-A7C6-4DCD-8907-48E5E8A559FF}
		{4707D806-5E37-4CC9-97C5-A1E3178FD0B0} = {EEF3B999-A7C6-4DCD-8907-48E5E8A559FF}
		{8957E98F-8563-4F85-B72A-C98D23D17731} = {EEF3B999-A7C6-4DCD-8907-48E5E8A559FF}
		{14B19B7A-5616-4610-A89A-FB8832807D08} = {EEF3B999-A7C6-4DCD-8907-48E5E8A559FF}
		{2536DDF2-BC9A-4974-AF67-3B47708E0672} = {C92598D1-C5AB-4E5C-AC04-6E3C039D7935}
		{9821F40D-6EE1-44E6-AA40-0D7A2ADC6564} = {C92598D1-C5AB-4E5C-AC04-6E3C039D7935}
		{27B5572C-AE25-4CC7-83A6-C7AD49810B1B} = {C92598D1-C5AB-4E5C-AC04-6E3C039D7935}
		{6A3A5956-2EB0-4FCC-9BB3-C8B3E8169183} = {C92598D1-C5AB-4E5C-AC04-6E3C039D7935}
		{37222DE2-60BB-42D2-BCFA-B83F8B284794} = {C92598D1-C5AB-4E5C-AC04-6E3C039D7935}
		{E0826603-431D-4FBF-8660-4109749F8C28} = {C92598D1-C5AB-4E5C-AC04-6E3C039D7935}
		{E2C46E33-7D13-405D-AD27-A879853F917D} = {2B62ACED-910E-4FAA-94FB-AF77A1CD510C}
		{5B83D1B8-489A-43D7-B6F1-8CE3330CFB1C} = {F02C70A3-230E-4036-93A7-E9E9F5ACF95D}
		{B1E05EDF-DFAB-4762-BE67-3028B868DF4B} = {F02C70A3-230E-4036-93A7-E9E9F5ACF95D}
		{58B0738D-661B-4176-B90C-F4F73820F1DE} = {F02C70A3-230E-4036-93A7-E9E9F5ACF95D}
	EndGlobalSection
	GlobalSection(ExtensibilityGlobals) = postSolution
		SolutionGuid = {727069B2-242C-483F-895A-525047D1E3F2}
	EndGlobalSection
EndGlobal
